{
  "name": "@futurenow/inference",
  "version": "1.0.0",
  "lockfileVersion": 3,
  "requires": true,
  "packages": {
    "": {
      "name": "@futurenow/inference",
      "version": "1.0.0",
      "license": "UNLICENSED",
      "engines": {
        "node": ">=20.0.0"
      },
      "peerDependencies": {
        "sql.js": ">=1.0.0"
      },
      "peerDependenciesMeta": {
        "sql.js": {
          "optional": true
        }
      }
    }
  }
}
